
Microsoft Visual Studio Solution File, Format Version 12.00
# Visual Studio Version 17
VisualStudioVersion = 17.12.35527.113
MinimumVisualStudioVersion = 10.0.40219.1
Project("{2150E333-8FDC-42A3-9474-1A3956D46DE8}") = "src", "src", "{49F7299D-159A-49C9-BCEC-8264D2379076}"
EndProject
Project("{2150E333-8FDC-42A3-9474-1A3956D46DE8}") = "tests", "tests", "{905C567D-9644-4975-9D80-03E3C1BA090E}"
EndProject
Project("{2150E333-8FDC-42A3-9474-1A3956D46DE8}") = "api", "api", "{E8C1E714-95CD-4F25-BF64-1059687AB46B}"
EndProject
Project("{2150E333-8FDC-42A3-9474-1A3956D46DE8}") = "core", "core", "{D19F5CF1-AABA-492F-84AD-A0D3099B4CAF}"
EndProject
Project("{2150E333-8FDC-42A3-9474-1A3956D46DE8}") = "persistance", "persistance", "{90AE0AB6-24E3-4941-852E-1B502630D72D}"
EndProject
Project("{FAE04EC0-301F-11D3-BF4B-00C04F79EFBC}") = "ClinicalTrials.Domain", "ClinicalTrials.Domain\ClinicalTrials.Domain.csproj", "{FDCE1614-96DE-43B5-9420-489F20C4D434}"
EndProject
Project("{FAE04EC0-301F-11D3-BF4B-00C04F79EFBC}") = "ClinicalTrials.Application", "ClinicalTrials.Application\ClinicalTrials.Application.csproj", "{2A34BE59-699F-483A-A742-0F3BA0B50C30}"
EndProject
Project("{FAE04EC0-301F-11D3-BF4B-00C04F79EFBC}") = "ClinicalTrials.Infrastructure", "ClinicalTrials.Infrastructure\ClinicalTrials.Infrastructure.csproj", "{5D296F90-01F5-4357-B216-E9AD289A1C35}"
EndProject
Project("{FAE04EC0-301F-11D3-BF4B-00C04F79EFBC}") = "ClinicalTrials.Api", "ClinicalTrials.Api\ClinicalTrials.Api.csproj", "{3C9C6488-8568-4D8D-88C3-4594C3C761B5}"
EndProject
Project("{2150E333-8FDC-42A3-9474-1A3956D46DE8}") = "api", "api", "{E37CAF14-CC77-4C46-99CB-D1B29A419A00}"
EndProject
Project("{2150E333-8FDC-42A3-9474-1A3956D46DE8}") = "core", "core", "{40242EA7-03FE-48C6-BC66-71024111DC4E}"
EndProject
Project("{FAE04EC0-301F-11D3-BF4B-00C04F79EFBC}") = "ClinicalTrials.Domain.Tests", "ClinicalTrials.Domain.Tests\ClinicalTrials.Domain.Tests.csproj", "{CC82F5A0-4057-4EB1-A913-768EA1C0064C}"
EndProject
Project("{FAE04EC0-301F-11D3-BF4B-00C04F79EFBC}") = "ClinicalTrials.Application.Tests", "ClinicalTrials.Application.Tests\ClinicalTrials.Application.Tests.csproj", "{39AE2363-BF68-4F69-9E5E-5D403582636B}"
EndProject
Project("{FAE04EC0-301F-11D3-BF4B-00C04F79EFBC}") = "ClinicalTrials.Api.Tests", "ClinicalTrials.Api.Tests\ClinicalTrials.Api.Tests.csproj", "{0EF2E5FC-DE9F-461D-9001-5A7230DEBAF7}"
EndProject
Project("{2150E333-8FDC-42A3-9474-1A3956D46DE8}") = "architecture", "architecture", "{2A7EE6ED-F732-432A-A196-4D29A8CEFF46}"
EndProject
Project("{FAE04EC0-301F-11D3-BF4B-00C04F79EFBC}") = "ArchitectureTests", "ArchitectureTests\ArchitectureTests.csproj", "{484DBD59-3AF4-45D2-BA3B-6EB8654EE3AF}"
EndProject
Project("{E53339B2-1760-4266-BCC7-CA923CBCF16C}") = "docker-compose", "docker-compose.dcproj", "{4D8EFA21-26BA-411E-89F8-2153720DF9D8}"
EndProject
Project("{2150E333-8FDC-42A3-9474-1A3956D46DE8}") = "sql", "sql", "{2090A391-EA46-4453-AFDA-583E621A74E2}"
	ProjectSection(SolutionItems) = preProject
		init.sql = init.sql
	EndProjectSection
EndProject
Global
	GlobalSection(SolutionConfigurationPlatforms) = preSolution
		Debug|Any CPU = Debug|Any CPU
		Release|Any CPU = Release|Any CPU
	EndGlobalSection
	GlobalSection(ProjectConfigurationPlatforms) = postSolution
		{FDCE1614-96DE-43B5-9420-489F20C4D434}.Debug|Any CPU.ActiveCfg = Debug|Any CPU
		{FDCE1614-96DE-43B5-9420-489F20C4D434}.Debug|Any CPU.Build.0 = Debug|Any CPU
		{FDCE1614-96DE-43B5-9420-489F20C4D434}.Release|Any CPU.ActiveCfg = Release|Any CPU
		{FDCE1614-96DE-43B5-9420-489F20C4D434}.Release|Any CPU.Build.0 = Release|Any CPU
		{2A34BE59-699F-483A-A742-0F3BA0B50C30}.Debug|Any CPU.ActiveCfg = Debug|Any CPU
		{2A34BE59-699F-483A-A742-0F3BA0B50C30}.Debug|Any CPU.Build.0 = Debug|Any CPU
		{2A34BE59-699F-483A-A742-0F3BA0B50C30}.Release|Any CPU.ActiveCfg = Release|Any CPU
		{2A34BE59-699F-483A-A742-0F3BA0B50C30}.Release|Any CPU.Build.0 = Release|Any CPU
		{5D296F90-01F5-4357-B216-E9AD289A1C35}.Debug|Any CPU.ActiveCfg = Debug|Any CPU
		{5D296F90-01F5-4357-B216-E9AD289A1C35}.Debug|Any CPU.Build.0 = Debug|Any CPU
		{5D296F90-01F5-4357-B216-E9AD289A1C35}.Release|Any CPU.ActiveCfg = Release|Any CPU
		{5D296F90-01F5-4357-B216-E9AD289A1C35}.Release|Any CPU.Build.0 = Release|Any CPU
		{3C9C6488-8568-4D8D-88C3-4594C3C761B5}.Debug|Any CPU.ActiveCfg = Debug|Any CPU
		{3C9C6488-8568-4D8D-88C3-4594C3C761B5}.Debug|Any CPU.Build.0 = Debug|Any CPU
		{3C9C6488-8568-4D8D-88C3-4594C3C761B5}.Release|Any CPU.ActiveCfg = Release|Any CPU
		{3C9C6488-8568-4D8D-88C3-4594C3C761B5}.Release|Any CPU.Build.0 = Release|Any CPU
		{CC82F5A0-4057-4EB1-A913-768EA1C0064C}.Debug|Any CPU.ActiveCfg = Debug|Any CPU
		{CC82F5A0-4057-4EB1-A913-768EA1C0064C}.Debug|Any CPU.Build.0 = Debug|Any CPU
		{CC82F5A0-4057-4EB1-A913-768EA1C0064C}.Release|Any CPU.ActiveCfg = Release|Any CPU
		{CC82F5A0-4057-4EB1-A913-768EA1C0064C}.Release|Any CPU.Build.0 = Release|Any CPU
		{39AE2363-BF68-4F69-9E5E-5D403582636B}.Debug|Any CPU.ActiveCfg = Debug|Any CPU
		{39AE2363-BF68-4F69-9E5E-5D403582636B}.Debug|Any CPU.Build.0 = Debug|Any CPU
		{39AE2363-BF68-4F69-9E5E-5D403582636B}.Release|Any CPU.ActiveCfg = Release|Any CPU
		{39AE2363-BF68-4F69-9E5E-5D403582636B}.Release|Any CPU.Build.0 = Release|Any CPU
		{0EF2E5FC-DE9F-461D-9001-5A7230DEBAF7}.Debug|Any CPU.ActiveCfg = Debug|Any CPU
		{0EF2E5FC-DE9F-461D-9001-5A7230DEBAF7}.Debug|Any CPU.Build.0 = Debug|Any CPU
		{0EF2E5FC-DE9F-461D-9001-5A7230DEBAF7}.Release|Any CPU.ActiveCfg = Release|Any CPU
		{0EF2E5FC-DE9F-461D-9001-5A7230DEBAF7}.Release|Any CPU.Build.0 = Release|Any CPU
		{484DBD59-3AF4-45D2-BA3B-6EB8654EE3AF}.Debug|Any CPU.ActiveCfg = Debug|Any CPU
		{484DBD59-3AF4-45D2-BA3B-6EB8654EE3AF}.Debug|Any CPU.Build.0 = Debug|Any CPU
		{484DBD59-3AF4-45D2-BA3B-6EB8654EE3AF}.Release|Any CPU.ActiveCfg = Release|Any CPU
		{484DBD59-3AF4-45D2-BA3B-6EB8654EE3AF}.Release|Any CPU.Build.0 = Release|Any CPU
		{4D8EFA21-26BA-411E-89F8-2153720DF9D8}.Debug|Any CPU.ActiveCfg = Debug|Any CPU
		{4D8EFA21-26BA-411E-89F8-2153720DF9D8}.Debug|Any CPU.Build.0 = Debug|Any CPU
		{4D8EFA21-26BA-411E-89F8-2153720DF9D8}.Release|Any CPU.ActiveCfg = Release|Any CPU
		{4D8EFA21-26BA-411E-89F8-2153720DF9D8}.Release|Any CPU.Build.0 = Release|Any CPU
	EndGlobalSection
	GlobalSection(SolutionProperties) = preSolution
		HideSolutionNode = FALSE
	EndGlobalSection
	GlobalSection(NestedProjects) = preSolution
		{E8C1E714-95CD-4F25-BF64-1059687AB46B} = {49F7299D-159A-49C9-BCEC-8264D2379076}
		{D19F5CF1-AABA-492F-84AD-A0D3099B4CAF} = {49F7299D-159A-49C9-BCEC-8264D2379076}
		{90AE0AB6-24E3-4941-852E-1B502630D72D} = {49F7299D-159A-49C9-BCEC-8264D2379076}
		{FDCE1614-96DE-43B5-9420-489F20C4D434} = {D19F5CF1-AABA-492F-84AD-A0D3099B4CAF}
		{2A34BE59-699F-483A-A742-0F3BA0B50C30} = {D19F5CF1-AABA-492F-84AD-A0D3099B4CAF}
		{5D296F90-01F5-4357-B216-E9AD289A1C35} = {90AE0AB6-24E3-4941-852E-1B502630D72D}
		{3C9C6488-8568-4D8D-88C3-4594C3C761B5} = {E8C1E714-95CD-4F25-BF64-1059687AB46B}
		{E37CAF14-CC77-4C46-99CB-D1B29A419A00} = {905C567D-9644-4975-9D80-03E3C1BA090E}
		{40242EA7-03FE-48C6-BC66-71024111DC4E} = {905C567D-9644-4975-9D80-03E3C1BA090E}
		{CC82F5A0-4057-4EB1-A913-768EA1C0064C} = {40242EA7-03FE-48C6-BC66-71024111DC4E}
		{39AE2363-BF68-4F69-9E5E-5D403582636B} = {40242EA7-03FE-48C6-BC66-71024111DC4E}
		{0EF2E5FC-DE9F-461D-9001-5A7230DEBAF7} = {E37CAF14-CC77-4C46-99CB-D1B29A419A00}
		{2A7EE6ED-F732-432A-A196-4D29A8CEFF46} = {905C567D-9644-4975-9D80-03E3C1BA090E}
		{484DBD59-3AF4-45D2-BA3B-6EB8654EE3AF} = {2A7EE6ED-F732-432A-A196-4D29A8CEFF46}
	EndGlobalSection
EndGlobal
